// !$*UTF8*$!
{
	archiveVersion = 1;
	classes = {
	};
	objectVersion = 46;
	objects = {

/* Begin PBXBuildFile section */
		BBC06FC41D2C33CC00522322 /* main.m in Sources */ = {isa = PBXBuildFile; fileRef = BBC06FC31D2C33CC00522322 /* main.m */; };
		BBC06FC71D2C33CC00522322 /* AppDelegate.m in Sources */ = {isa = PBXBuildFile; fileRef = BBC06FC61D2C33CC00522322 /* AppDelegate.m */; };
		BBC06FCA1D2C33CC00522322 /* ViewController.m in Sources */ = {isa = PBXBuildFile; fileRef = BBC06FC91D2C33CC00522322 /* ViewController.m */; };
		BBC06FCD1D2C33CC00522322 /* Main.storyboard in Resources */ = {isa = PBXBuildFile; fileRef = BBC06FCB1D2C33CC00522322 /* Main.storyboard */; };
		BBC06FCF1D2C33CC00522322 /* Assets.xcassets in Resources */ = {isa = PBXBuildFile; fileRef = BBC06FCE1D2C33CC00522322 /* Assets.xcassets */; };
		BBC06FD21D2C33CC00522322 /* LaunchScreen.storyboard in Resources */ = {isa = PBXBuildFile; fileRef = BBC06FD01D2C33CC00522322 /* LaunchScreen.storyboard */; };
/* End PBXBuildFile section */

/* Begin PBXFileReference section */
		BBC06FBF1D2C33CC00522322 /* DoNothing.app */ = {isa = PBXFileReference; explicitFileType = wrapper.application; includeInIndex = 0; path = DoNothing.app; sourceTree = BUILT_PRODUCTS_DIR; };
		BBC06FC31D2C33CC00522322 /* main.m */ = {isa = PBXFileReference; lastKnownFileType = sourcecode.c.objc; path = main.m; sourceTree = "<group>"; };
		BBC06FC51D2C33CC00522322 /* AppDelegate.h */ = {isa = PBXFileReference; lastKnownFileType = sourcecode.c.h; path = AppDelegate.h; sourceTree = "<group>"; };
		BBC06FC61D2C33CC00522322 /* AppDelegate.m */ = {isa = PBXFileReference; lastKnownFileType = sourcecode.c.objc; path = AppDelegate.m; sourceTree = "<group>"; };
		BBC06FC81D2C33CC00522322 /* ViewController.h */ = {isa = PBXFileReference; lastKnownFileType = sourcecode.c.h; path = ViewController.h; sourceTree = "<group>"; };
		BBC06FC91D2C33CC00522322 /* ViewController.m */ = {isa = PBXFileReference; lastKnownFileType = sourcecode.c.objc; path = ViewController.m; sourceTree = "<group>"; };
		BBC06FCC1D2C33CC00522322 /* Base */ = {isa = PBXFileReference; lastKnownFileType = file.storyboard; name = Base; path = Base.lproj/Main.storyboard; sourceTree = "<group>"; };
		BBC06FCE1D2C33CC00522322 /* Assets.xcassets */ = {isa = PBXFileReference; lastKnownFileType = folder.assetcatalog; path = Assets.xcassets; sourceTree = "<group>"; };
		BBC06FD11D2C33CC00522322 /* Base */ = {isa = PBXFileReference; lastKnownFileType = file.storyboard; name = Base; path = Base.lproj/LaunchScreen.storyboard; sourceTree = "<group>"; };
		BBC06FD31D2C33CC00522322 /* Info.plist */ = {isa = PBXFileReference; lastKnownFileType = text.plist.xml; path = Info.plist; sourceTree = "<group>"; };
/* End PBXFileReference section */

/* Begin PBXFrameworksBuildPhase section */
		BBC06FBC1D2C33CC00522322 /* Frameworks */ = {
			isa = PBXFrameworksBuildPhase;
			buildActionMask = 2147483647;
			files = (
			);
			runOnlyForDeploymentPostprocessing = 0;
		};
/* End PBXFrameworksBuildPhase section */

/* Begin PBXGroup section */
		BBC06FB61D2C33CC00522322 = {
			isa = PBXGroup;
			children = (
				BBC06FC11D2C33CC00522322 /* DoNothing */,
				BBC06FC01D2C33CC00522322 /* Products */,
			);
			sourceTree = "<group>";
		};
		BBC06FC01D2C33CC00522322 /* Products */ = {
			isa = PBXGroup;
			children = (
				BBC06FBF1D2C33CC00522322 /* DoNothing.app */,
			);
			name = Products;
			sourceTree = "<group>";
		};
		BBC06FC11D2C33CC00522322 /* DoNothing */ = {
			isa = PBXGroup;
			children = (
				BBC06FC51D2C33CC00522322 /* AppDelegate.h */,
				BBC06FC61D2C33CC00522322 /* AppDelegate.m */,
				BBC06FC81D2C33CC00522322 /* ViewController.h */,
				BBC06FC91D2C33CC00522322 /* ViewController.m */,
				BBC06FCB1D2C33CC00522322 /* Main.storyboard */,
				BBC06FCE1D2C33CC00522322 /* Assets.xcassets */,
				BBC06FD01D2C33CC00522322 /* LaunchScreen.storyboard */,
				BBC06FD31D2C33CC00522322 /* Info.plist */,
				BBC06FC21D2C33CC00522322 /* Supporting Files */,
			);
			path = DoNothing;
			sourceTree = "<group>";
		};
		BBC06FC21D2C33CC00522322 /* Supporting Files */ = {
			isa = PBXGroup;
			children = (
				BBC06FC31D2C33CC00522322 /* main.m */,
			);
			name = "Supporting Files";
			sourceTree = "<group>";
		};
/* End PBXGroup section */

/* Begin PBXNativeTarget section */
		BBC06FBE1D2C33CC00522322 /* DoNothing */ = {
			isa = PBXNativeTarget;
			buildConfigurationList = BBC06FD61D2C33CC00522322 /* Build configuration list for PBXNativeTarget "DoNothing" */;
			buildPhases = (
				BBC06FBB1D2C33CC00522322 /* Sources */,
				BBC06FBC1D2C33CC00522322 /* Frameworks */,
				BBC06FBD1D2C33CC00522322 /* Resources */,
			);
			buildRules = (
			);
			dependencies = (
			);
			name = DoNothing;
			productName = DoNothing;
			productReference = BBC06FBF1D2C33CC00522322 /* DoNothing.app */;
			productType = "com.apple.product-type.application";
		};
/* End PBXNativeTarget section */

/* Begin PBXProject section */
		BBC06FB71D2C33CC00522322 /* Project object */ = {
			isa = PBXProject;
			attributes = {
				LastUpgradeCheck = 0730;
				ORGANIZATIONNAME = "Bill Wang";
				TargetAttributes = {
					BBC06FBE1D2C33CC00522322 = {
						CreatedOnToolsVersion = 7.3.1;
					};
				};
			};
			buildConfigurationList = BBC06FBA1D2C33CC00522322 /* Build configuration list for PBXProject "DoNothing" */;
			compatibilityVersion = "Xcode 3.2";
			developmentRegion = English;
			hasScannedForEncodings = 0;
			knownRegions = (
				en,
				Base,
			);
			mainGroup = BBC06FB61D2C33CC00522322;
			productRefGroup = BBC06FC01D2C33CC00522322 /* Products */;
			projectDirPath = "";
			projectRoot = "";
			targets = (
				BBC06FBE1D2C33CC00522322 /* DoNothing */,
			);
		};
/* End PBXProject section */

/* Begin PBXResourcesBuildPhase section */
		BBC06FBD1D2C33CC00522322 /* Resources */ = {
			isa = PBXResourcesBuildPhase;
			buildActionMask = 2147483647;
			files = (
				BBC06FD21D2C33CC00522322 /* LaunchScreen.storyboard in Resources */,
				BBC06FCF1D2C33CC00522322 /* Assets.xcassets in Resources */,
				BBC06FCD1D2C33CC00522322 /* Main.storyboard in Resources */,
			);
			runOnlyForDeploymentPostprocessing = 0;
		};
/* End PBXResourcesBuildPhase section */

/* Begin PBXSourcesBuildPhase section */
		BBC06FBB1D2C33CC00522322 /* Sources */ = {
			isa = PBXSourcesBuildPhase;
			buildActionMask = 2147483647;
			files = (
				BBC06FCA1D2C33CC00522322 /* ViewController.m in Sources */,
				BBC06FC71D2C33CC00522322 /* AppDelegate.m in Sources */,
				BBC06FC41D2C33CC00522322 /* main.m in Sources */,
			);
			runOnlyForDeploymentPostprocessing = 0;
		};
/* End PBXSourcesBuildPhase section */

/* Begin PBXVariantGroup section */
		BBC06FCB1D2C33CC00522322 /* Main.storyboard */ = {
			isa = PBXVariantGroup;
			children = (
				BBC06FCC1D2C33CC00522322 /* Base */,
			);
			name = Main.storyboard;
			sourceTree = "<group>";
		};
		BBC06FD01D2C33CC00522322 /* LaunchScreen.storyboard */ = {
			isa = PBXVariantGroup;
			children = (
				BBC06FD11D2C33CC00522322 /* Base */,
			);
			name = LaunchScreen.storyboard;
			sourceTree = "<group>";
		};
/* End PBXVariantGroup section */

/* Begin XCBuildConfiguration section */
		BBC06FD41D2C33CC00522322 /* Debug */ = {
			isa = XCBuildConfiguration;
			buildSettings = {
				ALWAYS_SEARCH_USER_PATHS = NO;
				CLANG_ANALYZER_NONNULL = YES;
				CLANG_CXX_LANGUAGE_STANDARD = "gnu++0x";
				CLANG_CXX_LIBRARY = "libc++";
				CLANG_ENABLE_MODULES = YES;
				CLANG_ENABLE_OBJC_ARC = YES;
				CLANG_WARN_BOOL_CONVERSION = YES;
				CLANG_WARN_CONSTANT_CONVERSION = YES;
				CLANG_WARN_DIRECT_OBJC_ISA_USAGE = YES_ERROR;
				CLANG_WARN_EMPTY_BODY = YES;
				CLANG_WARN_ENUM_CONVERSION = YES;
				CLANG_WARN_INT_CONVERSION = YES;
				CLANG_WARN_OBJC_ROOT_CLASS = YES_ERROR;
				CLANG_WARN_UNREACHABLE_CODE = YES;
				CLANG_WARN__DUPLICATE_METHOD_MATCH = YES;
				"CODE_SIGN_IDENTITY[sdk=iphoneos*]" = "iPhone Developer";
				COPY_PHASE_STRIP = NO;
				DEBUG_INFORMATION_FORMAT = dwarf;
				ENABLE_STRICT_OBJC_MSGSEND = YES;
				ENABLE_TESTABILITY = YES;
				GCC_C_LANGUAGE_STANDARD = gnu99;
				GCC_DYNAMIC_NO_PIC = NO;
				GCC_NO_COMMON_BLOCKS = YES;
				GCC_OPTIMIZATION_LEVEL = 0;
				GCC_PREPROCESSOR_DEFINITIONS = (
					"DEBUG=1",
					"$(inherited)",
				);
				GCC_WARN_64_TO_32_BIT_CONVERSION = YES;
				GCC_WARN_ABOUT_RETURN_TYPE = YES_ERROR;
				GCC_WARN_UNDECLARED_SELECTOR = YES;
				GCC_WARN_UNINITIALIZED_AUTOS = YES_AGGRESSIVE;
				GCC_WARN_UNUSED_FUNCTION = YES;
				GCC_WARN_UNUSED_VARIABLE = YES;
				IPHONEOS_DEPLOYMENT_TARGET = 9.3;
				MTL_ENABLE_DEBUG_INFO = YES;
				ONLY_ACTIVE_ARCH = YES;
				SDKROOT = iphoneos;
				TARGETED_DEVICE_FAMILY = "1,2";
			};
			name = Debug;
		};
		BBC06FD51D2C33CC00522322 /* Release */ = {
			isa = XCBuildConfiguration;
			buildSettings = {
				ALWAYS_SEARCH_USER_PATHS = NO;
				CLANG_ANALYZER_NONNULL = YES;
				CLANG_CXX_LANGUAGE_STANDARD = "gnu++0x";
				CLANG_CXX_LIBRARY = "libc++";
				CLANG_ENABLE_MODULES = YES;
				CLANG_ENABLE_OBJC_ARC = YES;
				CLANG_WARN_BOOL_CONVERSION = YES;
				CLANG_WARN_CONSTANT_CONVERSION = YES;
				CLANG_WARN_DIRECT_OBJC_ISA_USAGE = YES_ERROR;
				CLANG_WARN_EMPTY_BODY = YES;
				CLANG_WARN_ENUM_CONVERSION = YES;
				CLANG_WARN_INT_CONVERSION = YES;
				CLANG_WARN_OBJC_ROOT_CLASS = YES_ERROR;
				CLANG_WARN_UNREACHABLE_CODE = YES;
				CLANG_WARN__DUPLICATE_METHOD_MATCH = YES;
				"CODE_SIGN_IDENTITY[sdk=iphoneos*]" = "iPhone Developer";
				COPY_PHASE_STRIP = NO;
				DEBUG_INFORMATION_FORMAT = "dwarf-with-dsym";
				ENABLE_NS_ASSERTIONS = NO;
				ENABLE_STRICT_OBJC_MSGSEND = YES;
				GCC_C_LANGUAGE_STANDARD = gnu99;
				GCC_NO_COMMON_BLOCKS = YES;
				GCC_WARN_64_TO_32_BIT_CONVERSION = YES;
				GCC_WARN_ABOUT_RETURN_TYPE = YES_ERROR;
				GCC_WARN_UNDECLARED_SELECTOR = YES;
				GCC_WARN_UNINITIALIZED_AUTOS = YES_AGGRESSIVE;
				GCC_WARN_UNUSED_FUNCTION = YES;
				GCC_WARN_UNUSED_VARIABLE = YES;
				IPHONEOS_DEPLOYMENT_TARGET = 9.3;
				MTL_ENABLE_DEBUG_INFO = NO;
				SDKROOT = iphoneos;
				TARGETED_DEVICE_FAMILY = "1,2";
				VALIDATE_PRODUCT = YES;
			};
			name = Release;
		};
		BBC06FD71D2C33CC00522322 /* Debug */ = {
			isa = XCBuildConfiguration;
			buildSettings = {
				ASSETCATALOG_COMPILER_APPICON_NAME = AppIcon;
				INFOPLIST_FILE = DoNothing/Info.plist;
				LD_RUNPATH_SEARCH_PATHS = "$(inherited) @executable_path/Frameworks";
				PRODUCT_BUNDLE_IDENTIFIER = com.wkb.DoNothing;
				PRODUCT_NAME = "$(TARGET_NAME)";
			};
			name = Debug;
		};
		BBC06FD81D2C33CC00522322 /* Release */ = {
			isa = XCBuildConfiguration;
			buildSettings = {
				ASSETCATALOG_COMPILER_APPICON_NAME = AppIcon;
				INFOPLIST_FILE = DoNothing/Info.plist;
				LD_RUNPATH_SEARCH_PATHS = "$(inherited) @executable_path/Frameworks";
				PRODUCT_BUNDLE_IDENTIFIER = com.wkb.DoNothing;
				PRODUCT_NAME = "$(TARGET_NAME)";
			};
			name = Release;
		};
/* End XCBuildConfiguration section */

/* Begin XCConfigurationList section */
		BBC06FBA1D2C33CC00522322 /* Build configuration list for PBXProject "DoNothing" */ = {
			isa = XCConfigurationList;
			buildConfigurations = (
				BBC06FD41D2C33CC00522322 /* Debug */,
				BBC06FD51D2C33CC00522322 /* Release */,
			);
			defaultConfigurationIsVisible = 0;
			defaultConfigurationName = Release;
		};
		BBC06FD61D2C33CC00522322 /* Build configuration list for PBXNativeTarget "DoNothing" */ = {
			isa = XCConfigurationList;
			buildConfigurations = (
				BBC06FD71D2C33CC00522322 /* Debug */,
				BBC06FD81D2C33CC00522322 /* Release */,
			);
			defaultConfigurationIsVisible = 0;
		};
/* End XCConfigurationList section */
	};
	rootObject = BBC06FB71D2C33CC00522322 /* Project object */;
}
